
Microsoft Visual Studio Solution File, Format Version 12.00
# Visual Studio 2015
Project("{FAE04EC0-301F-11D3-BF4B-00C04F79EFBC}") = "ToolsPlanet", "ToolsPlanet.csproj", "{241053CF-0702-D8DA-B996-B0FCEEA273E6}"
EndProject
Project("{FAE04EC0-301F-11D3-BF4B-00C04F79EFBC}") = "ToolsPlanet.Editor", "ToolsPlanet.Editor.csproj", "{7001305A-C3A1-32CB-7174-78D1D82F6130}"
EndProject
Global
	GlobalSection(SolutionConfigurationPlatforms) = preSolution
		Debug|Any CPU = Debug|Any CPU
		Release|Any CPU = Release|Any CPU
	EndGlobalSection
	GlobalSection(ProjectConfigurationPlatforms) = postSolution
		{241053CF-0702-D8DA-B996-B0FCEEA273E6}.Debug|Any CPU.ActiveCfg = Debug|Any CPU
		{241053CF-0702-D8DA-B996-B0FCEEA273E6}.Debug|Any CPU.Build.0 = Debug|Any CPU
		{241053CF-0702-D8DA-B996-B0FCEEA273E6}.Release|Any CPU.ActiveCfg = Release|Any CPU
		{241053CF-0702-D8DA-B996-B0FCEEA273E6}.Release|Any CPU.Build.0 = Release|Any CPU
		{7001305A-C3A1-32CB-7174-78D1D82F6130}.Debug|Any CPU.ActiveCfg = Debug|Any CPU
		{7001305A-C3A1-32CB-7174-78D1D82F6130}.Debug|Any CPU.Build.0 = Debug|Any CPU
		{7001305A-C3A1-32CB-7174-78D1D82F6130}.Release|Any CPU.ActiveCfg = Release|Any CPU
		{7001305A-C3A1-32CB-7174-78D1D82F6130}.Release|Any CPU.Build.0 = Release|Any CPU
	EndGlobalSection
	GlobalSection(SolutionProperties) = preSolution
		HideSolutionNode = FALSE
	EndGlobalSection
EndGlobal
